
Microsoft Visual Studio Solution File, Format Version 12.00
# Visual Studio Version 17
VisualStudioVersion = 17.7.34024.191
MinimumVisualStudioVersion = 10.0.40219.1
Project("{FAE04EC0-301F-11D3-BF4B-00C04F79EFBC}") = "ShopNow.Model", "ShopNow.Model\ShopNow.Model.csproj", "{AD467BC2-5A3F-4B87-8D2B-70B30226D212}"
EndProject
Project("{FAE04EC0-301F-11D3-BF4B-00C04F79EFBC}") = "ShopNow.Repository", "ShopNow.Repository\ShopNow.Repository.csproj", "{4D13514C-4453-4DD6-92D4-DB562BA276FB}"
EndProject
Project("{FAE04EC0-301F-11D3-BF4B-00C04F79EFBC}") = "ShopNow.WebUI", "ShopNow.WebUI\ShopNow.WebUI.csproj", "{CE557CB0-A7D3-4F64-AE66-829E789D4035}"
EndProject
Project("{FAE04EC0-301F-11D3-BF4B-00C04F79EFBC}") = "ShopNow.WebUI.Tests", "ShopNow.WebUI.Tests\ShopNow.WebUI.Tests.csproj", "{48A97A5D-5E2E-4E8D-B43E-C9D8FB2F11A4}"
EndProject
Project("{FAE04EC0-301F-11D3-BF4B-00C04F79EFBC}") = "ShopNow.StoreFront.WebUI", "ShopNow.StoreFront.WebUI\ShopNow.StoreFront.WebUI.csproj", "{12719B7E-51E4-49CF-8494-F61A842AE545}"
EndProject
Global
	GlobalSection(SolutionConfigurationPlatforms) = preSolution
		Debug|Any CPU = Debug|Any CPU
		Release|Any CPU = Release|Any CPU
	EndGlobalSection
	GlobalSection(ProjectConfigurationPlatforms) = postSolution
		{AD467BC2-5A3F-4B87-8D2B-70B30226D212}.Debug|Any CPU.ActiveCfg = Debug|Any CPU
		{AD467BC2-5A3F-4B87-8D2B-70B30226D212}.Debug|Any CPU.Build.0 = Debug|Any CPU
		{AD467BC2-5A3F-4B87-8D2B-70B30226D212}.Release|Any CPU.ActiveCfg = Release|Any CPU
		{AD467BC2-5A3F-4B87-8D2B-70B30226D212}.Release|Any CPU.Build.0 = Release|Any CPU
		{4D13514C-4453-4DD6-92D4-DB562BA276FB}.Debug|Any CPU.ActiveCfg = Debug|Any CPU
		{4D13514C-4453-4DD6-92D4-DB562BA276FB}.Debug|Any CPU.Build.0 = Debug|Any CPU
		{4D13514C-4453-4DD6-92D4-DB562BA276FB}.Release|Any CPU.ActiveCfg = Release|Any CPU
		{4D13514C-4453-4DD6-92D4-DB562BA276FB}.Release|Any CPU.Build.0 = Release|Any CPU
		{CE557CB0-A7D3-4F64-AE66-829E789D4035}.Debug|Any CPU.ActiveCfg = Debug|Any CPU
		{CE557CB0-A7D3-4F64-AE66-829E789D4035}.Debug|Any CPU.Build.0 = Debug|Any CPU
		{CE557CB0-A7D3-4F64-AE66-829E789D4035}.Release|Any CPU.ActiveCfg = Release|Any CPU
		{CE557CB0-A7D3-4F64-AE66-829E789D4035}.Release|Any CPU.Build.0 = Release|Any CPU
		{48A97A5D-5E2E-4E8D-B43E-C9D8FB2F11A4}.Debug|Any CPU.ActiveCfg = Debug|Any CPU
		{48A97A5D-5E2E-4E8D-B43E-C9D8FB2F11A4}.Debug|Any CPU.Build.0 = Debug|Any CPU
		{48A97A5D-5E2E-4E8D-B43E-C9D8FB2F11A4}.Release|Any CPU.ActiveCfg = Release|Any CPU
		{48A97A5D-5E2E-4E8D-B43E-C9D8FB2F11A4}.Release|Any CPU.Build.0 = Release|Any CPU
		{12719B7E-51E4-49CF-8494-F61A842AE545}.Debug|Any CPU.ActiveCfg = Debug|Any CPU
		{12719B7E-51E4-49CF-8494-F61A842AE545}.Debug|Any CPU.Build.0 = Debug|Any CPU
		{12719B7E-51E4-49CF-8494-F61A842AE545}.Release|Any CPU.ActiveCfg = Release|Any CPU
		{12719B7E-51E4-49CF-8494-F61A842AE545}.Release|Any CPU.Build.0 = Release|Any CPU
	EndGlobalSection
	GlobalSection(SolutionProperties) = preSolution
		HideSolutionNode = FALSE
	EndGlobalSection
	GlobalSection(ExtensibilityGlobals) = postSolution
		SolutionGuid = {8F0BF835-4713-4EB1-A1E4-143E31EF15FC}
	EndGlobalSection
EndGlobal
